# This file is automatically @generated by Cargo.
# It is not intended for manual editing.
[[package]]
name = "msg-extractor"
version = "0.1.0"
dependencies = [
 "ole",
]

[[package]]
name = "ole"
version = "0.1.15"
source = "registry+https://github.com/rust-lang/crates.io-index"
checksum = "4f0add6eeb62fdaf7afd332d52763f27d365cfd047f95e232671532c1efb3a66"
